
Microsoft Visual Studio Solution File, Format Version 12.00
# Visual Studio Version 17
VisualStudioVersion = 17.13.35931.197 d17.13
MinimumVisualStudioVersion = 10.0.40219.1
Project("{FAE04EC0-301F-11D3-BF4B-00C04F79EFBC}") = "WindowsFormsApp5", "WindowsFormsApp5\WindowsFormsApp5.csproj", "{22D85511-9DEC-4CC8-A4FB-CF3532ACE43F}"
EndProject
Global
	GlobalSection(SolutionConfigurationPlatforms) = preSolution
		Debug|Any CPU = Debug|Any CPU
		Release|Any CPU = Release|Any CPU
	EndGlobalSection
	GlobalSection(ProjectConfigurationPlatforms) = postSolution
		{22D85511-9DEC-4CC8-A4FB-CF3532ACE43F}.Debug|Any CPU.ActiveCfg = Debug|Any CPU
		{22D85511-9DEC-4CC8-A4FB-CF3532ACE43F}.Debug|Any CPU.Build.0 = Debug|Any CPU
		{22D85511-9DEC-4CC8-A4FB-CF3532ACE43F}.Release|Any CPU.ActiveCfg = Release|Any CPU
		{22D85511-9DEC-4CC8-A4FB-CF3532ACE43F}.Release|Any CPU.Build.0 = Release|Any CPU
	EndGlobalSection
	GlobalSection(SolutionProperties) = preSolution
		HideSolutionNode = FALSE
	EndGlobalSection
	GlobalSection(ExtensibilityGlobals) = postSolution
		SolutionGuid = {ABEAC4E8-5C81-42C0-B2AB-954C3026F719}
	EndGlobalSection
EndGlobal
